
Microsoft Visual Studio Solution File, Format Version 12.00
# Visual Studio Version 16
VisualStudioVersion = 16.0.29911.84
MinimumVisualStudioVersion = 10.0.40219.1
Project("{FAE04EC0-301F-11D3-BF4B-00C04F79EFBC}") = "AWS.S3.Core", "AWS.S3.Core\AWS.S3.Core.csproj", "{6B1FD978-6A14-484B-844C-91CBB74D37CF}"
EndProject
Project("{FAE04EC0-301F-11D3-BF4B-00C04F79EFBC}") = "AWS.S3.Infrastructure", "AWS.S3.Infrastructure\AWS.S3.Infrastructure.csproj", "{69DFDC6E-0379-4880-822B-C32E90F916AA}"
EndProject
Project("{FAE04EC0-301F-11D3-BF4B-00C04F79EFBC}") = "AWS.S3.Api", "AWS.S3.Api\AWS.S3.Api.csproj", "{7F14C5E4-B56B-4528-9CE7-1F4301B6BD52}"
EndProject
Global
	GlobalSection(SolutionConfigurationPlatforms) = preSolution
		Debug|Any CPU = Debug|Any CPU
		Release|Any CPU = Release|Any CPU
	EndGlobalSection
	GlobalSection(ProjectConfigurationPlatforms) = postSolution
		{6B1FD978-6A14-484B-844C-91CBB74D37CF}.Debug|Any CPU.ActiveCfg = Debug|Any CPU
		{6B1FD978-6A14-484B-844C-91CBB74D37CF}.Debug|Any CPU.Build.0 = Debug|Any CPU
		{6B1FD978-6A14-484B-844C-91CBB74D37CF}.Release|Any CPU.ActiveCfg = Release|Any CPU
		{6B1FD978-6A14-484B-844C-91CBB74D37CF}.Release|Any CPU.Build.0 = Release|Any CPU
		{69DFDC6E-0379-4880-822B-C32E90F916AA}.Debug|Any CPU.ActiveCfg = Debug|Any CPU
		{69DFDC6E-0379-4880-822B-C32E90F916AA}.Debug|Any CPU.Build.0 = Debug|Any CPU
		{69DFDC6E-0379-4880-822B-C32E90F916AA}.Release|Any CPU.ActiveCfg = Release|Any CPU
		{69DFDC6E-0379-4880-822B-C32E90F916AA}.Release|Any CPU.Build.0 = Release|Any CPU
		{7F14C5E4-B56B-4528-9CE7-1F4301B6BD52}.Debug|Any CPU.ActiveCfg = Debug|Any CPU
		{7F14C5E4-B56B-4528-9CE7-1F4301B6BD52}.Debug|Any CPU.Build.0 = Debug|Any CPU
		{7F14C5E4-B56B-4528-9CE7-1F4301B6BD52}.Release|Any CPU.ActiveCfg = Release|Any CPU
		{7F14C5E4-B56B-4528-9CE7-1F4301B6BD52}.Release|Any CPU.Build.0 = Release|Any CPU
	EndGlobalSection
	GlobalSection(SolutionProperties) = preSolution
		HideSolutionNode = FALSE
	EndGlobalSection
	GlobalSection(ExtensibilityGlobals) = postSolution
		SolutionGuid = {9564FADF-B337-40C7-914B-8757546FF70B}
	EndGlobalSection
EndGlobal
